// !$*UTF8*$!
{
	archiveVersion = 1;
	classes = {
	};
	objectVersion = 55;
	objects = {

/* Begin PBXBuildFile section */
		5893379528FD3EE900507F7A /* AppDelegate.swift in Sources */ = {isa = PBXBuildFile; fileRef = 5893379428FD3EE900507F7A /* AppDelegate.swift */; };
		5893379728FD3EE900507F7A /* SceneDelegate.swift in Sources */ = {isa = PBXBuildFile; fileRef = 5893379628FD3EE900507F7A /* SceneDelegate.swift */; };
		5893379928FD3EE900507F7A /* ViewController.swift in Sources */ = {isa = PBXBuildFile; fileRef = 5893379828FD3EE900507F7A /* ViewController.swift */; };
		5893379C28FD3EE900507F7A /* Main.storyboard in Resources */ = {isa = PBXBuildFile; fileRef = 5893379A28FD3EE900507F7A /* Main.storyboard */; };
		5893379F28FD3EE900507F7A /* Present_Modally_App.xcdatamodeld in Sources */ = {isa = PBXBuildFile; fileRef = 5893379D28FD3EE900507F7A /* Present_Modally_App.xcdatamodeld */; };
		589337A128FD3EEF00507F7A /* Assets.xcassets in Resources */ = {isa = PBXBuildFile; fileRef = 589337A028FD3EEF00507F7A /* Assets.xcassets */; };
		589337A428FD3EEF00507F7A /* LaunchScreen.storyboard in Resources */ = {isa = PBXBuildFile; fileRef = 589337A228FD3EEF00507F7A /* LaunchScreen.storyboard */; };
		589337AC28FD438000507F7A /* ViewController2.swift in Sources */ = {isa = PBXBuildFile; fileRef = 589337AB28FD438000507F7A /* ViewController2.swift */; };
		589337AE28FD438F00507F7A /* ViewController3.swift in Sources */ = {isa = PBXBuildFile; fileRef = 589337AD28FD438F00507F7A /* ViewController3.swift */; };
/* End PBXBuildFile section */

/* Begin PBXFileReference section */
		5893379128FD3EE900507F7A /* Present Modally App.app */ = {isa = PBXFileReference; explicitFileType = wrapper.application; includeInIndex = 0; path = "Present Modally App.app"; sourceTree = BUILT_PRODUCTS_DIR; };
		5893379428FD3EE900507F7A /* AppDelegate.swift */ = {isa = PBXFileReference; lastKnownFileType = sourcecode.swift; path = AppDelegate.swift; sourceTree = "<group>"; };
		5893379628FD3EE900507F7A /* SceneDelegate.swift */ = {isa = PBXFileReference; lastKnownFileType = sourcecode.swift; path = SceneDelegate.swift; sourceTree = "<group>"; };
		5893379828FD3EE900507F7A /* ViewController.swift */ = {isa = PBXFileReference; lastKnownFileType = sourcecode.swift; path = ViewController.swift; sourceTree = "<group>"; };
		5893379B28FD3EE900507F7A /* Base */ = {isa = PBXFileReference; lastKnownFileType = file.storyboard; name = Base; path = Base.lproj/Main.storyboard; sourceTree = "<group>"; };
		5893379E28FD3EE900507F7A /* Present_Modally_App.xcdatamodel */ = {isa = PBXFileReference; lastKnownFileType = wrapper.xcdatamodel; path = Present_Modally_App.xcdatamodel; sourceTree = "<group>"; };
		589337A028FD3EEF00507F7A /* Assets.xcassets */ = {isa = PBXFileReference; lastKnownFileType = folder.assetcatalog; path = Assets.xcassets; sourceTree = "<group>"; };
		589337A328FD3EEF00507F7A /* Base */ = {isa = PBXFileReference; lastKnownFileType = file.storyboard; name = Base; path = Base.lproj/LaunchScreen.storyboard; sourceTree = "<group>"; };
		589337A528FD3EEF00507F7A /* Info.plist */ = {isa = PBXFileReference; lastKnownFileType = text.plist.xml; path = Info.plist; sourceTree = "<group>"; };
		589337AB28FD438000507F7A /* ViewController2.swift */ = {isa = PBXFileReference; lastKnownFileType = sourcecode.swift; path = ViewController2.swift; sourceTree = "<group>"; };
		589337AD28FD438F00507F7A /* ViewController3.swift */ = {isa = PBXFileReference; lastKnownFileType = sourcecode.swift; path = ViewController3.swift; sourceTree = "<group>"; };
/* End PBXFileReference section */

/* Begin PBXFrameworksBuildPhase section */
		5893378E28FD3EE900507F7A /* Frameworks */ = {
			isa = PBXFrameworksBuildPhase;
			buildActionMask = 2147483647;
			files = (
			);
			runOnlyForDeploymentPostprocessing = 0;
		};
/* End PBXFrameworksBuildPhase section */

/* Begin PBXGroup section */
		5893378828FD3EE900507F7A = {
			isa = PBXGroup;
			children = (
				5893379328FD3EE900507F7A /* Present Modally App */,
				5893379228FD3EE900507F7A /* Products */,
			);
			sourceTree = "<group>";
		};
		5893379228FD3EE900507F7A /* Products */ = {
			isa = PBXGroup;
			children = (
				5893379128FD3EE900507F7A /* Present Modally App.app */,
			);
			name = Products;
			sourceTree = "<group>";
		};
		5893379328FD3EE900507F7A /* Present Modally App */ = {
			isa = PBXGroup;
			children = (
				5893379428FD3EE900507F7A /* AppDelegate.swift */,
				5893379628FD3EE900507F7A /* SceneDelegate.swift */,
				5893379828FD3EE900507F7A /* ViewController.swift */,
				5893379A28FD3EE900507F7A /* Main.storyboard */,
				589337AB28FD438000507F7A /* ViewController2.swift */,
				589337AD28FD438F00507F7A /* ViewController3.swift */,
				589337A028FD3EEF00507F7A /* Assets.xcassets */,
				589337A228FD3EEF00507F7A /* LaunchScreen.storyboard */,
				589337A528FD3EEF00507F7A /* Info.plist */,
				5893379D28FD3EE900507F7A /* Present_Modally_App.xcdatamodeld */,
			);
			path = "Present Modally App";
			sourceTree = "<group>";
		};
/* End PBXGroup section */

/* Begin PBXNativeTarget section */
		5893379028FD3EE900507F7A /* Present Modally App */ = {
			isa = PBXNativeTarget;
			buildConfigurationList = 589337A828FD3EEF00507F7A /* Build configuration list for PBXNativeTarget "Present Modally App" */;
			buildPhases = (
				5893378D28FD3EE900507F7A /* Sources */,
				5893378E28FD3EE900507F7A /* Frameworks */,
				5893378F28FD3EE900507F7A /* Resources */,
			);
			buildRules = (
			);
			dependencies = (
			);
			name = "Present Modally App";
			productName = "Present Modally App";
			productReference = 5893379128FD3EE900507F7A /* Present Modally App.app */;
			productType = "com.apple.product-type.application";
		};
/* End PBXNativeTarget section */

/* Begin PBXProject section */
		5893378928FD3EE900507F7A /* Project object */ = {
			isa = PBXProject;
			attributes = {
				BuildIndependentTargetsInParallel = 1;
				LastSwiftUpdateCheck = 1340;
				LastUpgradeCheck = 1340;
				TargetAttributes = {
					5893379028FD3EE900507F7A = {
						CreatedOnToolsVersion = 13.4.1;
					};
				};
			};
			buildConfigurationList = 5893378C28FD3EE900507F7A /* Build configuration list for PBXProject "Present Modally App" */;
			compatibilityVersion = "Xcode 13.0";
			developmentRegion = en;
			hasScannedForEncodings = 0;
			knownRegions = (
				en,
				Base,
			);
			mainGroup = 5893378828FD3EE900507F7A;
			productRefGroup = 5893379228FD3EE900507F7A /* Products */;
			projectDirPath = "";
			projectRoot = "";
			targets = (
				5893379028FD3EE900507F7A /* Present Modally App */,
			);
		};
/* End PBXProject section */

/* Begin PBXResourcesBuildPhase section */
		5893378F28FD3EE900507F7A /* Resources */ = {
			isa = PBXResourcesBuildPhase;
			buildActionMask = 2147483647;
			files = (
				589337A428FD3EEF00507F7A /* LaunchScreen.storyboard in Resources */,
				589337A128FD3EEF00507F7A /* Assets.xcassets in Resources */,
				5893379C28FD3EE900507F7A /* Main.storyboard in Resources */,
			);
			runOnlyForDeploymentPostprocessing = 0;
		};
/* End PBXResourcesBuildPhase section */

/* Begin PBXSourcesBuildPhase section */
		5893378D28FD3EE900507F7A /* Sources */ = {
			isa = PBXSourcesBuildPhase;
			buildActionMask = 2147483647;
			files = (
				589337AC28FD438000507F7A /* ViewController2.swift in Sources */,
				5893379F28FD3EE900507F7A /* Present_Modally_App.xcdatamodeld in Sources */,
				589337AE28FD438F00507F7A /* ViewController3.swift in Sources */,
				5893379928FD3EE900507F7A /* ViewController.swift in Sources */,
				5893379528FD3EE900507F7A /* AppDelegate.swift in Sources */,
				5893379728FD3EE900507F7A /* SceneDelegate.swift in Sources */,
			);
			runOnlyForDeploymentPostprocessing = 0;
		};
/* End PBXSourcesBuildPhase section */

/* Begin PBXVariantGroup section */
		5893379A28FD3EE900507F7A /* Main.storyboard */ = {
			isa = PBXVariantGroup;
			children = (
				5893379B28FD3EE900507F7A /* Base */,
			);
			name = Main.storyboard;
			sourceTree = "<group>";
		};
		589337A228FD3EEF00507F7A /* LaunchScreen.storyboard */ = {
			isa = PBXVariantGroup;
			children = (
				589337A328FD3EEF00507F7A /* Base */,
			);
			name = LaunchScreen.storyboard;
			sourceTree = "<group>";
		};
/* End PBXVariantGroup section */

/* Begin XCBuildConfiguration section */
		589337A628FD3EEF00507F7A /* Debug */ = {
			isa = XCBuildConfiguration;
			buildSettings = {
				ALWAYS_SEARCH_USER_PATHS = NO;
				CLANG_ANALYZER_NONNULL = YES;
				CLANG_ANALYZER_NUMBER_OBJECT_CONVERSION = YES_AGGRESSIVE;
				CLANG_CXX_LANGUAGE_STANDARD = "gnu++17";
				CLANG_ENABLE_MODULES = YES;
				CLANG_ENABLE_OBJC_ARC = YES;
				CLANG_ENABLE_OBJC_WEAK = YES;
				CLANG_WARN_BLOCK_CAPTURE_AUTORELEASING = YES;
				CLANG_WARN_BOOL_CONVERSION = YES;
				CLANG_WARN_COMMA = YES;
				CLANG_WARN_CONSTANT_CONVERSION = YES;
				CLANG_WARN_DEPRECATED_OBJC_IMPLEMENTATIONS = YES;
				CLANG_WARN_DIRECT_OBJC_ISA_USAGE = YES_ERROR;
				CLANG_WARN_DOCUMENTATION_COMMENTS = YES;
				CLANG_WARN_EMPTY_BODY = YES;
				CLANG_WARN_ENUM_CONVERSION = YES;
				CLANG_WARN_INFINITE_RECURSION = YES;
				CLANG_WARN_INT_CONVERSION = YES;
				CLANG_WARN_NON_LITERAL_NULL_CONVERSION = YES;
				CLANG_WARN_OBJC_IMPLICIT_RETAIN_SELF = YES;
				CLANG_WARN_OBJC_LITERAL_CONVERSION = YES;
				CLANG_WARN_OBJC_ROOT_CLASS = YES_ERROR;
				CLANG_WARN_QUOTED_INCLUDE_IN_FRAMEWORK_HEADER = YES;
				CLANG_WARN_RANGE_LOOP_ANALYSIS = YES;
				CLANG_WARN_STRICT_PROTOTYPES = YES;
				CLANG_WARN_SUSPICIOUS_MOVE = YES;
				CLANG_WARN_UNGUARDED_AVAILABILITY = YES_AGGRESSIVE;
				CLANG_WARN_UNREACHABLE_CODE = YES;
				CLANG_WARN__DUPLICATE_METHOD_MATCH = YES;
				COPY_PHASE_STRIP = NO;
				DEBUG_INFORMATION_FORMAT = dwarf;
				ENABLE_STRICT_OBJC_MSGSEND = YES;
				ENABLE_TESTABILITY = YES;
				GCC_C_LANGUAGE_STANDARD = gnu11;
				GCC_DYNAMIC_NO_PIC = NO;
				GCC_NO_COMMON_BLOCKS = YES;
				GCC_OPTIMIZATION_LEVEL = 0;
				GCC_PREPROCESSOR_DEFINITIONS = (
					"DEBUG=1",
					"$(inherited)",
				);
				GCC_WARN_64_TO_32_BIT_CONVERSION = YES;
				GCC_WARN_ABOUT_RETURN_TYPE = YES_ERROR;
				GCC_WARN_UNDECLARED_SELECTOR = YES;
				GCC_WARN_UNINITIALIZED_AUTOS = YES_AGGRESSIVE;
				GCC_WARN_UNUSED_FUNCTION = YES;
				GCC_WARN_UNUSED_VARIABLE = YES;
				IPHONEOS_DEPLOYMENT_TARGET = 15.5;
				MTL_ENABLE_DEBUG_INFO = INCLUDE_SOURCE;
				MTL_FAST_MATH = YES;
				ONLY_ACTIVE_ARCH = YES;
				SDKROOT = iphoneos;
				SWIFT_ACTIVE_COMPILATION_CONDITIONS = DEBUG;
				SWIFT_OPTIMIZATION_LEVEL = "-Onone";
			};
			name = Debug;
		};
		589337A728FD3EEF00507F7A /* Release */ = {
			isa = XCBuildConfiguration;
			buildSettings = {
				ALWAYS_SEARCH_USER_PATHS = NO;
				CLANG_ANALYZER_NONNULL = YES;
				CLANG_ANALYZER_NUMBER_OBJECT_CONVERSION = YES_AGGRESSIVE;
				CLANG_CXX_LANGUAGE_STANDARD = "gnu++17";
				CLANG_ENABLE_MODULES = YES;
				CLANG_ENABLE_OBJC_ARC = YES;
				CLANG_ENABLE_OBJC_WEAK = YES;
				CLANG_WARN_BLOCK_CAPTURE_AUTORELEASING = YES;
				CLANG_WARN_BOOL_CONVERSION = YES;
				CLANG_WARN_COMMA = YES;
				CLANG_WARN_CONSTANT_CONVERSION = YES;
				CLANG_WARN_DEPRECATED_OBJC_IMPLEMENTATIONS = YES;
				CLANG_WARN_DIRECT_OBJC_ISA_USAGE = YES_ERROR;
				CLANG_WARN_DOCUMENTATION_COMMENTS = YES;
				CLANG_WARN_EMPTY_BODY = YES;
				CLANG_WARN_ENUM_CONVERSION = YES;
				CLANG_WARN_INFINITE_RECURSION = YES;
				CLANG_WARN_INT_CONVERSION = YES;
				CLANG_WARN_NON_LITERAL_NULL_CONVERSION = YES;
				CLANG_WARN_OBJC_IMPLICIT_RETAIN_SELF = YES;
				CLANG_WARN_OBJC_LITERAL_CONVERSION = YES;
				CLANG_WARN_OBJC_ROOT_CLASS = YES_ERROR;
				CLANG_WARN_QUOTED_INCLUDE_IN_FRAMEWORK_HEADER = YES;
				CLANG_WARN_RANGE_LOOP_ANALYSIS = YES;
				CLANG_WARN_STRICT_PROTOTYPES = YES;
				CLANG_WARN_SUSPICIOUS_MOVE = YES;
				CLANG_WARN_UNGUARDED_AVAILABILITY = YES_AGGRESSIVE;
				CLANG_WARN_UNREACHABLE_CODE = YES;
				CLANG_WARN__DUPLICATE_METHOD_MATCH = YES;
				COPY_PHASE_STRIP = NO;
				DEBUG_INFORMATION_FORMAT = "dwarf-with-dsym";
				ENABLE_NS_ASSERTIONS = NO;
				ENABLE_STRICT_OBJC_MSGSEND = YES;
				GCC_C_LANGUAGE_STANDARD = gnu11;
				GCC_NO_COMMON_BLOCKS = YES;
				GCC_WARN_64_TO_32_BIT_CONVERSION = YES;
				GCC_WARN_ABOUT_RETURN_TYPE = YES_ERROR;
				GCC_WARN_UNDECLARED_SELECTOR = YES;
				GCC_WARN_UNINITIALIZED_AUTOS = YES_AGGRESSIVE;
				GCC_WARN_UNUSED_FUNCTION = YES;
				GCC_WARN_UNUSED_VARIABLE = YES;
				IPHONEOS_DEPLOYMENT_TARGET = 15.5;
				MTL_ENABLE_DEBUG_INFO = NO;
				MTL_FAST_MATH = YES;
				SDKROOT = iphoneos;
				SWIFT_COMPILATION_MODE = wholemodule;
				SWIFT_OPTIMIZATION_LEVEL = "-O";
				VALIDATE_PRODUCT = YES;
			};
			name = Release;
		};
		589337A928FD3EEF00507F7A /* Debug */ = {
			isa = XCBuildConfiguration;
			buildSettings = {
				ASSETCATALOG_COMPILER_APPICON_NAME = AppIcon;
				ASSETCATALOG_COMPILER_GLOBAL_ACCENT_COLOR_NAME = AccentColor;
				CODE_SIGN_STYLE = Automatic;
				CURRENT_PROJECT_VERSION = 1;
				GENERATE_INFOPLIST_FILE = YES;
				INFOPLIST_FILE = "Present Modally App/Info.plist";
				INFOPLIST_KEY_UIApplicationSupportsIndirectInputEvents = YES;
				INFOPLIST_KEY_UILaunchStoryboardName = LaunchScreen;
				INFOPLIST_KEY_UIMainStoryboardFile = Main;
				INFOPLIST_KEY_UISupportedInterfaceOrientations_iPad = "UIInterfaceOrientationPortrait UIInterfaceOrientationPortraitUpsideDown UIInterfaceOrientationLandscapeLeft UIInterfaceOrientationLandscapeRight";
				INFOPLIST_KEY_UISupportedInterfaceOrientations_iPhone = "UIInterfaceOrientationPortrait UIInterfaceOrientationLandscapeLeft UIInterfaceOrientationLandscapeRight";
				LD_RUNPATH_SEARCH_PATHS = (
					"$(inherited)",
					"@executable_path/Frameworks",
				);
				MARKETING_VERSION = 1.0;
				PRODUCT_BUNDLE_IDENTIFIER = "com.ertugrulberber.Present-Modally-App";
				PRODUCT_NAME = "$(TARGET_NAME)";
				SWIFT_EMIT_LOC_STRINGS = YES;
				SWIFT_VERSION = 5.0;
				TARGETED_DEVICE_FAMILY = "1,2";
			};
			name = Debug;
		};
		589337AA28FD3EEF00507F7A /* Release */ = {
			isa = XCBuildConfiguration;
			buildSettings = {
				ASSETCATALOG_COMPILER_APPICON_NAME = AppIcon;
				ASSETCATALOG_COMPILER_GLOBAL_ACCENT_COLOR_NAME = AccentColor;
				CODE_SIGN_STYLE = Automatic;
				CURRENT_PROJECT_VERSION = 1;
				GENERATE_INFOPLIST_FILE = YES;
				INFOPLIST_FILE = "Present Modally App/Info.plist";
				INFOPLIST_KEY_UIApplicationSupportsIndirectInputEvents = YES;
				INFOPLIST_KEY_UILaunchStoryboardName = LaunchScreen;
				INFOPLIST_KEY_UIMainStoryboardFile = Main;
				INFOPLIST_KEY_UISupportedInterfaceOrientations_iPad = "UIInterfaceOrientationPortrait UIInterfaceOrientationPortraitUpsideDown UIInterfaceOrientationLandscapeLeft UIInterfaceOrientationLandscapeRight";
				INFOPLIST_KEY_UISupportedInterfaceOrientations_iPhone = "UIInterfaceOrientationPortrait UIInterfaceOrientationLandscapeLeft UIInterfaceOrientationLandscapeRight";
				LD_RUNPATH_SEARCH_PATHS = (
					"$(inherited)",
					"@executable_path/Frameworks",
				);
				MARKETING_VERSION = 1.0;
				PRODUCT_BUNDLE_IDENTIFIER = "com.ertugrulberber.Present-Modally-App";
				PRODUCT_NAME = "$(TARGET_NAME)";
				SWIFT_EMIT_LOC_STRINGS = YES;
				SWIFT_VERSION = 5.0;
				TARGETED_DEVICE_FAMILY = "1,2";
			};
			name = Release;
		};
/* End XCBuildConfiguration section */

/* Begin XCConfigurationList section */
		5893378C28FD3EE900507F7A /* Build configuration list for PBXProject "Present Modally App" */ = {
			isa = XCConfigurationList;
			buildConfigurations = (
				589337A628FD3EEF00507F7A /* Debug */,
				589337A728FD3EEF00507F7A /* Release */,
			);
			defaultConfigurationIsVisible = 0;
			defaultConfigurationName = Release;
		};
		589337A828FD3EEF00507F7A /* Build configuration list for PBXNativeTarget "Present Modally App" */ = {
			isa = XCConfigurationList;
			buildConfigurations = (
				589337A928FD3EEF00507F7A /* Debug */,
				589337AA28FD3EEF00507F7A /* Release */,
			);
			defaultConfigurationIsVisible = 0;
			defaultConfigurationName = Release;
		};
/* End XCConfigurationList section */

/* Begin XCVersionGroup section */
		5893379D28FD3EE900507F7A /* Present_Modally_App.xcdatamodeld */ = {
			isa = XCVersionGroup;
			children = (
				5893379E28FD3EE900507F7A /* Present_Modally_App.xcdatamodel */,
			);
			currentVersion = 5893379E28FD3EE900507F7A /* Present_Modally_App.xcdatamodel */;
			path = Present_Modally_App.xcdatamodeld;
			sourceTree = "<group>";
			versionGroupType = wrapper.xcdatamodel;
		};
/* End XCVersionGroup section */
	};
	rootObject = 5893378928FD3EE900507F7A /* Project object */;
}
